
Microsoft Visual Studio Solution File, Format Version 12.00
# Visual Studio Version 17
VisualStudioVersion = 17.3.32825.248
MinimumVisualStudioVersion = 10.0.40219.1
Project("{9A19103F-16F7-4668-BE54-9A1E7A4F7556}") = "MSL.ScoreBoard.Data", "MSL.ScoreBoard.Data\MSL.ScoreBoard.Data.csproj", "{D9CF6F01-FFD6-49B7-80D2-EC030B377F15}"
EndProject
Project("{FAE04EC0-301F-11D3-BF4B-00C04F79EFBC}") = "ScoreBoardTest", "ScoreBoardTest\ScoreBoardTest.csproj", "{F78985FB-C720-4BA0-A73C-550A6281BE4C}"
EndProject
Global
	GlobalSection(SolutionConfigurationPlatforms) = preSolution
		Debug|Any CPU = Debug|Any CPU
		Release|Any CPU = Release|Any CPU
	EndGlobalSection
	GlobalSection(ProjectConfigurationPlatforms) = postSolution
		{D9CF6F01-FFD6-49B7-80D2-EC030B377F15}.Debug|Any CPU.ActiveCfg = Debug|Any CPU
		{D9CF6F01-FFD6-49B7-80D2-EC030B377F15}.Debug|Any CPU.Build.0 = Debug|Any CPU
		{D9CF6F01-FFD6-49B7-80D2-EC030B377F15}.Release|Any CPU.ActiveCfg = Release|Any CPU
		{D9CF6F01-FFD6-49B7-80D2-EC030B377F15}.Release|Any CPU.Build.0 = Release|Any CPU
		{F78985FB-C720-4BA0-A73C-550A6281BE4C}.Debug|Any CPU.ActiveCfg = Debug|Any CPU
		{F78985FB-C720-4BA0-A73C-550A6281BE4C}.Debug|Any CPU.Build.0 = Debug|Any CPU
		{F78985FB-C720-4BA0-A73C-550A6281BE4C}.Release|Any CPU.ActiveCfg = Release|Any CPU
		{F78985FB-C720-4BA0-A73C-550A6281BE4C}.Release|Any CPU.Build.0 = Release|Any CPU
	EndGlobalSection
	GlobalSection(SolutionProperties) = preSolution
		HideSolutionNode = FALSE
	EndGlobalSection
	GlobalSection(ExtensibilityGlobals) = postSolution
		SolutionGuid = {3CB0A5B8-B15D-4634-90CF-FC92B732579E}
	EndGlobalSection
EndGlobal
